
Microsoft Visual Studio Solution File, Format Version 12.00
# Visual Studio Version 17
VisualStudioVersion = 17.7.34221.43
MinimumVisualStudioVersion = 10.0.40219.1
Project("{FAE04EC0-301F-11D3-BF4B-00C04F79EFBC}") = "Harjoitus 23", "Harjoitus 23\Harjoitus 23.csproj", "{F533B1AA-D2C2-4634-B873-315A4F6A21DC}"
EndProject
Global
	GlobalSection(SolutionConfigurationPlatforms) = preSolution
		Debug|Any CPU = Debug|Any CPU
		Release|Any CPU = Release|Any CPU
	EndGlobalSection
	GlobalSection(ProjectConfigurationPlatforms) = postSolution
		{F533B1AA-D2C2-4634-B873-315A4F6A21DC}.Debug|Any CPU.ActiveCfg = Debug|Any CPU
		{F533B1AA-D2C2-4634-B873-315A4F6A21DC}.Debug|Any CPU.Build.0 = Debug|Any CPU
		{F533B1AA-D2C2-4634-B873-315A4F6A21DC}.Release|Any CPU.ActiveCfg = Release|Any CPU
		{F533B1AA-D2C2-4634-B873-315A4F6A21DC}.Release|Any CPU.Build.0 = Release|Any CPU
	EndGlobalSection
	GlobalSection(SolutionProperties) = preSolution
		HideSolutionNode = FALSE
	EndGlobalSection
	GlobalSection(ExtensibilityGlobals) = postSolution
		SolutionGuid = {488BDA67-200F-4B45-91F2-319BD5D5DE6D}
	EndGlobalSection
EndGlobal
