
Microsoft Visual Studio Solution File, Format Version 12.00
# Visual Studio Version 17
VisualStudioVersion = 17.7.34221.43
MinimumVisualStudioVersion = 10.0.40219.1
Project("{FAE04EC0-301F-11D3-BF4B-00C04F79EFBC}") = "Harjoitus 19", "Harjoitus 19\Harjoitus 19.csproj", "{7959290D-D419-4119-9E16-C0CBE3CB81FB}"
EndProject
Global
	GlobalSection(SolutionConfigurationPlatforms) = preSolution
		Debug|Any CPU = Debug|Any CPU
		Release|Any CPU = Release|Any CPU
	EndGlobalSection
	GlobalSection(ProjectConfigurationPlatforms) = postSolution
		{7959290D-D419-4119-9E16-C0CBE3CB81FB}.Debug|Any CPU.ActiveCfg = Debug|Any CPU
		{7959290D-D419-4119-9E16-C0CBE3CB81FB}.Debug|Any CPU.Build.0 = Debug|Any CPU
		{7959290D-D419-4119-9E16-C0CBE3CB81FB}.Release|Any CPU.ActiveCfg = Release|Any CPU
		{7959290D-D419-4119-9E16-C0CBE3CB81FB}.Release|Any CPU.Build.0 = Release|Any CPU
	EndGlobalSection
	GlobalSection(SolutionProperties) = preSolution
		HideSolutionNode = FALSE
	EndGlobalSection
	GlobalSection(ExtensibilityGlobals) = postSolution
		SolutionGuid = {424ED8F6-F2DC-47B8-BCDD-C982D495C137}
	EndGlobalSection
EndGlobal
